
Microsoft Visual Studio Solution File, Format Version 12.00
# Visual Studio Version 16
VisualStudioVersion = 16.0.29613.14
MinimumVisualStudioVersion = 10.0.40219.1
Project("{FAE04EC0-301F-11D3-BF4B-00C04F79EFBC}") = "BeerStoreSPA", "BeerStoreSPA.csproj", "{4747713C-2519-43A4-BF23-ADAA7C988B23}"
EndProject
Global
	GlobalSection(SolutionConfigurationPlatforms) = preSolution
		Debug|Any CPU = Debug|Any CPU
		Release|Any CPU = Release|Any CPU
	EndGlobalSection
	GlobalSection(ProjectConfigurationPlatforms) = postSolution
		{4747713C-2519-43A4-BF23-ADAA7C988B23}.Debug|Any CPU.ActiveCfg = Debug|Any CPU
		{4747713C-2519-43A4-BF23-ADAA7C988B23}.Debug|Any CPU.Build.0 = Debug|Any CPU
		{4747713C-2519-43A4-BF23-ADAA7C988B23}.Release|Any CPU.ActiveCfg = Release|Any CPU
		{4747713C-2519-43A4-BF23-ADAA7C988B23}.Release|Any CPU.Build.0 = Release|Any CPU
	EndGlobalSection
	GlobalSection(SolutionProperties) = preSolution
		HideSolutionNode = FALSE
	EndGlobalSection
	GlobalSection(ExtensibilityGlobals) = postSolution
		SolutionGuid = {A30D4A1C-6FB3-4D8E-ABA4-71F1B0BBBE3E}
	EndGlobalSection
EndGlobal
